
Microsoft Visual Studio Solution File, Format Version 12.00
# Visual Studio Version 16
VisualStudioVersion = 16.0.31702.278
MinimumVisualStudioVersion = 10.0.40219.1
Project("{FAE04EC0-301F-11D3-BF4B-00C04F79EFBC}") = "RealEstate", "RealEstate\RealEstate.csproj", "{CF7C36D7-9B6B-4000-9EB0-CCEBF034DB2C}"
EndProject
Global
	GlobalSection(SolutionConfigurationPlatforms) = preSolution
		Debug|Any CPU = Debug|Any CPU
		Release|Any CPU = Release|Any CPU
	EndGlobalSection
	GlobalSection(ProjectConfigurationPlatforms) = postSolution
		{CF7C36D7-9B6B-4000-9EB0-CCEBF034DB2C}.Debug|Any CPU.ActiveCfg = Debug|Any CPU
		{CF7C36D7-9B6B-4000-9EB0-CCEBF034DB2C}.Debug|Any CPU.Build.0 = Debug|Any CPU
		{CF7C36D7-9B6B-4000-9EB0-CCEBF034DB2C}.Release|Any CPU.ActiveCfg = Release|Any CPU
		{CF7C36D7-9B6B-4000-9EB0-CCEBF034DB2C}.Release|Any CPU.Build.0 = Release|Any CPU
	EndGlobalSection
	GlobalSection(SolutionProperties) = preSolution
		HideSolutionNode = FALSE
	EndGlobalSection
	GlobalSection(ExtensibilityGlobals) = postSolution
		SolutionGuid = {A63B1E35-76BE-40A4-8D20-FD0B55E24202}
	EndGlobalSection
EndGlobal
