
Microsoft Visual Studio Solution File, Format Version 12.00
# Visual Studio Version 16
VisualStudioVersion = 16.0.31702.278
MinimumVisualStudioVersion = 10.0.40219.1
Project("{FAE04EC0-301F-11D3-BF4B-00C04F79EFBC}") = "InghatlanGUI", "InghatlanGUI\InghatlanGUI.csproj", "{F913CC6D-A545-4DC2-AF16-B74FAF484533}"
EndProject
Global
	GlobalSection(SolutionConfigurationPlatforms) = preSolution
		Debug|Any CPU = Debug|Any CPU
		Release|Any CPU = Release|Any CPU
	EndGlobalSection
	GlobalSection(ProjectConfigurationPlatforms) = postSolution
		{F913CC6D-A545-4DC2-AF16-B74FAF484533}.Debug|Any CPU.ActiveCfg = Debug|Any CPU
		{F913CC6D-A545-4DC2-AF16-B74FAF484533}.Debug|Any CPU.Build.0 = Debug|Any CPU
		{F913CC6D-A545-4DC2-AF16-B74FAF484533}.Release|Any CPU.ActiveCfg = Release|Any CPU
		{F913CC6D-A545-4DC2-AF16-B74FAF484533}.Release|Any CPU.Build.0 = Release|Any CPU
	EndGlobalSection
	GlobalSection(SolutionProperties) = preSolution
		HideSolutionNode = FALSE
	EndGlobalSection
	GlobalSection(ExtensibilityGlobals) = postSolution
		SolutionGuid = {D272978A-F0BC-4FAB-B6F1-BC1ED2D532C5}
	EndGlobalSection
EndGlobal
